// !$*UTF8*$!
{
	archiveVersion = 1;
	classes = {
	};
	objectVersion = 50;
	objects = {

/* Begin PBXBuildFile section */
		B1913DEE23E0928B0037FC55 /* MapContoller.swift in Sources */ = {isa = PBXBuildFile; fileRef = B1913DED23E0928B0037FC55 /* MapContoller.swift */; };
		B1913DF023E096C90037FC55 /* Poi.swift in Sources */ = {isa = PBXBuildFile; fileRef = B1913DEF23E096C90037FC55 /* Poi.swift */; };
		B19DFEAA23E08A8600BE2071 /* ListeController.swift in Sources */ = {isa = PBXBuildFile; fileRef = B19DFEA923E08A8600BE2071 /* ListeController.swift */; };
		F17FB76123DEFC5A006648C7 /* AppDelegate.swift in Sources */ = {isa = PBXBuildFile; fileRef = F17FB76023DEFC5A006648C7 /* AppDelegate.swift */; };
		F17FB76323DEFC5A006648C7 /* ViewController.swift in Sources */ = {isa = PBXBuildFile; fileRef = F17FB76223DEFC5A006648C7 /* ViewController.swift */; };
		F17FB76623DEFC5A006648C7 /* Main.storyboard in Resources */ = {isa = PBXBuildFile; fileRef = F17FB76423DEFC5A006648C7 /* Main.storyboard */; };
		F17FB76823DEFC5C006648C7 /* Assets.xcassets in Resources */ = {isa = PBXBuildFile; fileRef = F17FB76723DEFC5C006648C7 /* Assets.xcassets */; };
		F17FB76B23DEFC5C006648C7 /* LaunchScreen.storyboard in Resources */ = {isa = PBXBuildFile; fileRef = F17FB76923DEFC5C006648C7 /* LaunchScreen.storyboard */; };
		F17FB77423DF0592006648C7 /* Personne.swift in Sources */ = {isa = PBXBuildFile; fileRef = F17FB77323DF0592006648C7 /* Personne.swift */; };
		F17FB77623E07941006648C7 /* Rando.swift in Sources */ = {isa = PBXBuildFile; fileRef = F17FB77523E07941006648C7 /* Rando.swift */; };
		F17FB77923E092E9006648C7 /* RandoGestionnaire.swift in Sources */ = {isa = PBXBuildFile; fileRef = F17FB77823E092E9006648C7 /* RandoGestionnaire.swift */; };
/* End PBXBuildFile section */

/* Begin PBXFileReference section */
		B1913DED23E0928B0037FC55 /* MapContoller.swift */ = {isa = PBXFileReference; lastKnownFileType = sourcecode.swift; path = MapContoller.swift; sourceTree = "<group>"; };
		B1913DEF23E096C90037FC55 /* Poi.swift */ = {isa = PBXFileReference; lastKnownFileType = sourcecode.swift; path = Poi.swift; sourceTree = "<group>"; };
		B19DFEA923E08A8600BE2071 /* ListeController.swift */ = {isa = PBXFileReference; lastKnownFileType = sourcecode.swift; path = ListeController.swift; sourceTree = "<group>"; };
		F17FB75D23DEFC5A006648C7 /* RandoExpress_IOS.app */ = {isa = PBXFileReference; explicitFileType = wrapper.application; includeInIndex = 0; path = RandoExpress_IOS.app; sourceTree = BUILT_PRODUCTS_DIR; };
		F17FB76023DEFC5A006648C7 /* AppDelegate.swift */ = {isa = PBXFileReference; lastKnownFileType = sourcecode.swift; path = AppDelegate.swift; sourceTree = "<group>"; };
		F17FB76223DEFC5A006648C7 /* ViewController.swift */ = {isa = PBXFileReference; lastKnownFileType = sourcecode.swift; path = ViewController.swift; sourceTree = "<group>"; };
		F17FB76523DEFC5A006648C7 /* Base */ = {isa = PBXFileReference; lastKnownFileType = file.storyboard; name = Base; path = Base.lproj/Main.storyboard; sourceTree = "<group>"; };
		F17FB76723DEFC5C006648C7 /* Assets.xcassets */ = {isa = PBXFileReference; lastKnownFileType = folder.assetcatalog; path = Assets.xcassets; sourceTree = "<group>"; };
		F17FB76A23DEFC5C006648C7 /* Base */ = {isa = PBXFileReference; lastKnownFileType = file.storyboard; name = Base; path = Base.lproj/LaunchScreen.storyboard; sourceTree = "<group>"; };
		F17FB76C23DEFC5C006648C7 /* Info.plist */ = {isa = PBXFileReference; lastKnownFileType = text.plist.xml; path = Info.plist; sourceTree = "<group>"; };
		F17FB77323DF0592006648C7 /* Personne.swift */ = {isa = PBXFileReference; lastKnownFileType = sourcecode.swift; path = Personne.swift; sourceTree = "<group>"; };
		F17FB77523E07941006648C7 /* Rando.swift */ = {isa = PBXFileReference; lastKnownFileType = sourcecode.swift; path = Rando.swift; sourceTree = "<group>"; };
		F17FB77823E092E9006648C7 /* RandoGestionnaire.swift */ = {isa = PBXFileReference; lastKnownFileType = sourcecode.swift; path = RandoGestionnaire.swift; sourceTree = "<group>"; };
/* End PBXFileReference section */

/* Begin PBXFrameworksBuildPhase section */
		F17FB75A23DEFC5A006648C7 /* Frameworks */ = {
			isa = PBXFrameworksBuildPhase;
			buildActionMask = 2147483647;
			files = (
			);
			runOnlyForDeploymentPostprocessing = 0;
		};
/* End PBXFrameworksBuildPhase section */

/* Begin PBXGroup section */
		B19DFEA823E08A5400BE2071 /* Controller */ = {
			isa = PBXGroup;
			children = (
				B19DFEA923E08A8600BE2071 /* ListeController.swift */,
				B1913DED23E0928B0037FC55 /* MapContoller.swift */,
				B1913DEF23E096C90037FC55 /* Poi.swift */,
			);
			path = Controller;
			sourceTree = "<group>";
		};
		F17FB75423DEFC5A006648C7 = {
			isa = PBXGroup;
			children = (
				F17FB75F23DEFC5A006648C7 /* RandoExpress_IOS */,
				F17FB75E23DEFC5A006648C7 /* Products */,
			);
			sourceTree = "<group>";
		};
		F17FB75E23DEFC5A006648C7 /* Products */ = {
			isa = PBXGroup;
			children = (
				F17FB75D23DEFC5A006648C7 /* RandoExpress_IOS.app */,
			);
			name = Products;
			sourceTree = "<group>";
		};
		F17FB75F23DEFC5A006648C7 /* RandoExpress_IOS */ = {
			isa = PBXGroup;
			children = (
				F17FB77723E09229006648C7 /* Gestionnaire */,
				F17FB77223DF04C8006648C7 /* Model */,
				B19DFEA823E08A5400BE2071 /* Controller */,
				F17FB76023DEFC5A006648C7 /* AppDelegate.swift */,
				F17FB76223DEFC5A006648C7 /* ViewController.swift */,
				F17FB76423DEFC5A006648C7 /* Main.storyboard */,
				F17FB76723DEFC5C006648C7 /* Assets.xcassets */,
				F17FB76923DEFC5C006648C7 /* LaunchScreen.storyboard */,
				F17FB76C23DEFC5C006648C7 /* Info.plist */,
			);
			path = RandoExpress_IOS;
			sourceTree = "<group>";
		};
		F17FB77223DF04C8006648C7 /* Model */ = {
			isa = PBXGroup;
			children = (
				F17FB77323DF0592006648C7 /* Personne.swift */,
				F17FB77523E07941006648C7 /* Rando.swift */,
			);
			path = Model;
			sourceTree = "<group>";
		};
		F17FB77723E09229006648C7 /* Gestionnaire */ = {
			isa = PBXGroup;
			children = (
				F17FB77823E092E9006648C7 /* RandoGestionnaire.swift */,
			);
			path = Gestionnaire;
			sourceTree = "<group>";
		};
/* End PBXGroup section */

/* Begin PBXNativeTarget section */
		F17FB75C23DEFC5A006648C7 /* RandoExpress_IOS */ = {
			isa = PBXNativeTarget;
			buildConfigurationList = F17FB76F23DEFC5C006648C7 /* Build configuration list for PBXNativeTarget "RandoExpress_IOS" */;
			buildPhases = (
				F17FB75923DEFC5A006648C7 /* Sources */,
				F17FB75A23DEFC5A006648C7 /* Frameworks */,
				F17FB75B23DEFC5A006648C7 /* Resources */,
			);
			buildRules = (
			);
			dependencies = (
			);
			name = RandoExpress_IOS;
			productName = RandoExpress_IOS;
			productReference = F17FB75D23DEFC5A006648C7 /* RandoExpress_IOS.app */;
			productType = "com.apple.product-type.application";
		};
/* End PBXNativeTarget section */

/* Begin PBXProject section */
		F17FB75523DEFC5A006648C7 /* Project object */ = {
			isa = PBXProject;
			attributes = {
				LastSwiftUpdateCheck = 1010;
				LastUpgradeCheck = 1010;
				ORGANIZATIONNAME = fr.luminy;
				TargetAttributes = {
					F17FB75C23DEFC5A006648C7 = {
						CreatedOnToolsVersion = 10.1;
					};
				};
			};
			buildConfigurationList = F17FB75823DEFC5A006648C7 /* Build configuration list for PBXProject "RandoExpress_IOS" */;
			compatibilityVersion = "Xcode 9.3";
			developmentRegion = en;
			hasScannedForEncodings = 0;
			knownRegions = (
				en,
				Base,
			);
			mainGroup = F17FB75423DEFC5A006648C7;
			productRefGroup = F17FB75E23DEFC5A006648C7 /* Products */;
			projectDirPath = "";
			projectRoot = "";
			targets = (
				F17FB75C23DEFC5A006648C7 /* RandoExpress_IOS */,
			);
		};
/* End PBXProject section */

/* Begin PBXResourcesBuildPhase section */
		F17FB75B23DEFC5A006648C7 /* Resources */ = {
			isa = PBXResourcesBuildPhase;
			buildActionMask = 2147483647;
			files = (
				F17FB76B23DEFC5C006648C7 /* LaunchScreen.storyboard in Resources */,
				F17FB76823DEFC5C006648C7 /* Assets.xcassets in Resources */,
				F17FB76623DEFC5A006648C7 /* Main.storyboard in Resources */,
			);
			runOnlyForDeploymentPostprocessing = 0;
		};
/* End PBXResourcesBuildPhase section */

/* Begin PBXSourcesBuildPhase section */
		F17FB75923DEFC5A006648C7 /* Sources */ = {
			isa = PBXSourcesBuildPhase;
			buildActionMask = 2147483647;
			files = (
				F17FB76323DEFC5A006648C7 /* ViewController.swift in Sources */,
				B19DFEAA23E08A8600BE2071 /* ListeController.swift in Sources */,
				F17FB77923E092E9006648C7 /* RandoGestionnaire.swift in Sources */,
				F17FB76123DEFC5A006648C7 /* AppDelegate.swift in Sources */,
				F17FB77623E07941006648C7 /* Rando.swift in Sources */,
				F17FB77423DF0592006648C7 /* Personne.swift in Sources */,
				B1913DEE23E0928B0037FC55 /* MapContoller.swift in Sources */,
				B1913DF023E096C90037FC55 /* Poi.swift in Sources */,
			);
			runOnlyForDeploymentPostprocessing = 0;
		};
/* End PBXSourcesBuildPhase section */

/* Begin PBXVariantGroup section */
		F17FB76423DEFC5A006648C7 /* Main.storyboard */ = {
			isa = PBXVariantGroup;
			children = (
				F17FB76523DEFC5A006648C7 /* Base */,
			);
			name = Main.storyboard;
			sourceTree = "<group>";
		};
		F17FB76923DEFC5C006648C7 /* LaunchScreen.storyboard */ = {
			isa = PBXVariantGroup;
			children = (
				F17FB76A23DEFC5C006648C7 /* Base */,
			);
			name = LaunchScreen.storyboard;
			sourceTree = "<group>";
		};
/* End PBXVariantGroup section */

/* Begin XCBuildConfiguration section */
		F17FB76D23DEFC5C006648C7 /* Debug */ = {
			isa = XCBuildConfiguration;
			buildSettings = {
				ALWAYS_SEARCH_USER_PATHS = NO;
				CLANG_ANALYZER_NONNULL = YES;
				CLANG_ANALYZER_NUMBER_OBJECT_CONVERSION = YES_AGGRESSIVE;
				CLANG_CXX_LANGUAGE_STANDARD = "gnu++14";
				CLANG_CXX_LIBRARY = "libc++";
				CLANG_ENABLE_MODULES = YES;
				CLANG_ENABLE_OBJC_ARC = YES;
				CLANG_ENABLE_OBJC_WEAK = YES;
				CLANG_WARN_BLOCK_CAPTURE_AUTORELEASING = YES;
				CLANG_WARN_BOOL_CONVERSION = YES;
				CLANG_WARN_COMMA = YES;
				CLANG_WARN_CONSTANT_CONVERSION = YES;
				CLANG_WARN_DEPRECATED_OBJC_IMPLEMENTATIONS = YES;
				CLANG_WARN_DIRECT_OBJC_ISA_USAGE = YES_ERROR;
				CLANG_WARN_DOCUMENTATION_COMMENTS = YES;
				CLANG_WARN_EMPTY_BODY = YES;
				CLANG_WARN_ENUM_CONVERSION = YES;
				CLANG_WARN_INFINITE_RECURSION = YES;
				CLANG_WARN_INT_CONVERSION = YES;
				CLANG_WARN_NON_LITERAL_NULL_CONVERSION = YES;
				CLANG_WARN_OBJC_IMPLICIT_RETAIN_SELF = YES;
				CLANG_WARN_OBJC_LITERAL_CONVERSION = YES;
				CLANG_WARN_OBJC_ROOT_CLASS = YES_ERROR;
				CLANG_WARN_RANGE_LOOP_ANALYSIS = YES;
				CLANG_WARN_STRICT_PROTOTYPES = YES;
				CLANG_WARN_SUSPICIOUS_MOVE = YES;
				CLANG_WARN_UNGUARDED_AVAILABILITY = YES_AGGRESSIVE;
				CLANG_WARN_UNREACHABLE_CODE = YES;
				CLANG_WARN__DUPLICATE_METHOD_MATCH = YES;
				CODE_SIGN_IDENTITY = "iPhone Developer";
				COPY_PHASE_STRIP = NO;
				DEBUG_INFORMATION_FORMAT = dwarf;
				ENABLE_STRICT_OBJC_MSGSEND = YES;
				ENABLE_TESTABILITY = YES;
				GCC_C_LANGUAGE_STANDARD = gnu11;
				GCC_DYNAMIC_NO_PIC = NO;
				GCC_NO_COMMON_BLOCKS = YES;
				GCC_OPTIMIZATION_LEVEL = 0;
				GCC_PREPROCESSOR_DEFINITIONS = (
					"DEBUG=1",
					"$(inherited)",
				);
				GCC_WARN_64_TO_32_BIT_CONVERSION = YES;
				GCC_WARN_ABOUT_RETURN_TYPE = YES_ERROR;
				GCC_WARN_UNDECLARED_SELECTOR = YES;
				GCC_WARN_UNINITIALIZED_AUTOS = YES_AGGRESSIVE;
				GCC_WARN_UNUSED_FUNCTION = YES;
				GCC_WARN_UNUSED_VARIABLE = YES;
				IPHONEOS_DEPLOYMENT_TARGET = 12.1;
				MTL_ENABLE_DEBUG_INFO = INCLUDE_SOURCE;
				MTL_FAST_MATH = YES;
				ONLY_ACTIVE_ARCH = YES;
				SDKROOT = iphoneos;
				SWIFT_ACTIVE_COMPILATION_CONDITIONS = DEBUG;
				SWIFT_OPTIMIZATION_LEVEL = "-Onone";
			};
			name = Debug;
		};
		F17FB76E23DEFC5C006648C7 /* Release */ = {
			isa = XCBuildConfiguration;
			buildSettings = {
				ALWAYS_SEARCH_USER_PATHS = NO;
				CLANG_ANALYZER_NONNULL = YES;
				CLANG_ANALYZER_NUMBER_OBJECT_CONVERSION = YES_AGGRESSIVE;
				CLANG_CXX_LANGUAGE_STANDARD = "gnu++14";
				CLANG_CXX_LIBRARY = "libc++";
				CLANG_ENABLE_MODULES = YES;
				CLANG_ENABLE_OBJC_ARC = YES;
				CLANG_ENABLE_OBJC_WEAK = YES;
				CLANG_WARN_BLOCK_CAPTURE_AUTORELEASING = YES;
				CLANG_WARN_BOOL_CONVERSION = YES;
				CLANG_WARN_COMMA = YES;
				CLANG_WARN_CONSTANT_CONVERSION = YES;
				CLANG_WARN_DEPRECATED_OBJC_IMPLEMENTATIONS = YES;
				CLANG_WARN_DIRECT_OBJC_ISA_USAGE = YES_ERROR;
				CLANG_WARN_DOCUMENTATION_COMMENTS = YES;
				CLANG_WARN_EMPTY_BODY = YES;
				CLANG_WARN_ENUM_CONVERSION = YES;
				CLANG_WARN_INFINITE_RECURSION = YES;
				CLANG_WARN_INT_CONVERSION = YES;
				CLANG_WARN_NON_LITERAL_NULL_CONVERSION = YES;
				CLANG_WARN_OBJC_IMPLICIT_RETAIN_SELF = YES;
				CLANG_WARN_OBJC_LITERAL_CONVERSION = YES;
				CLANG_WARN_OBJC_ROOT_CLASS = YES_ERROR;
				CLANG_WARN_RANGE_LOOP_ANALYSIS = YES;
				CLANG_WARN_STRICT_PROTOTYPES = YES;
				CLANG_WARN_SUSPICIOUS_MOVE = YES;
				CLANG_WARN_UNGUARDED_AVAILABILITY = YES_AGGRESSIVE;
				CLANG_WARN_UNREACHABLE_CODE = YES;
				CLANG_WARN__DUPLICATE_METHOD_MATCH = YES;
				CODE_SIGN_IDENTITY = "iPhone Developer";
				COPY_PHASE_STRIP = NO;
				DEBUG_INFORMATION_FORMAT = "dwarf-with-dsym";
				ENABLE_NS_ASSERTIONS = NO;
				ENABLE_STRICT_OBJC_MSGSEND = YES;
				GCC_C_LANGUAGE_STANDARD = gnu11;
				GCC_NO_COMMON_BLOCKS = YES;
				GCC_WARN_64_TO_32_BIT_CONVERSION = YES;
				GCC_WARN_ABOUT_RETURN_TYPE = YES_ERROR;
				GCC_WARN_UNDECLARED_SELECTOR = YES;
				GCC_WARN_UNINITIALIZED_AUTOS = YES_AGGRESSIVE;
				GCC_WARN_UNUSED_FUNCTION = YES;
				GCC_WARN_UNUSED_VARIABLE = YES;
				IPHONEOS_DEPLOYMENT_TARGET = 12.1;
				MTL_ENABLE_DEBUG_INFO = NO;
				MTL_FAST_MATH = YES;
				SDKROOT = iphoneos;
				SWIFT_COMPILATION_MODE = wholemodule;
				SWIFT_OPTIMIZATION_LEVEL = "-O";
				VALIDATE_PRODUCT = YES;
			};
			name = Release;
		};
		F17FB77023DEFC5C006648C7 /* Debug */ = {
			isa = XCBuildConfiguration;
			buildSettings = {
				ASSETCATALOG_COMPILER_APPICON_NAME = AppIcon;
				CODE_SIGN_STYLE = Automatic;
				INFOPLIST_FILE = RandoExpress_IOS/Info.plist;
				LD_RUNPATH_SEARCH_PATHS = (
					"$(inherited)",
					"@executable_path/Frameworks",
				);
				PRODUCT_BUNDLE_IDENTIFIER = "fr.luminy.RandoExpress-IOS";
				PRODUCT_NAME = "$(TARGET_NAME)";
				SWIFT_VERSION = 4.2;
				TARGETED_DEVICE_FAMILY = "1,2";
			};
			name = Debug;
		};
		F17FB77123DEFC5C006648C7 /* Release */ = {
			isa = XCBuildConfiguration;
			buildSettings = {
				ASSETCATALOG_COMPILER_APPICON_NAME = AppIcon;
				CODE_SIGN_STYLE = Automatic;
				INFOPLIST_FILE = RandoExpress_IOS/Info.plist;
				LD_RUNPATH_SEARCH_PATHS = (
					"$(inherited)",
					"@executable_path/Frameworks",
				);
				PRODUCT_BUNDLE_IDENTIFIER = "fr.luminy.RandoExpress-IOS";
				PRODUCT_NAME = "$(TARGET_NAME)";
				SWIFT_VERSION = 4.2;
				TARGETED_DEVICE_FAMILY = "1,2";
			};
			name = Release;
		};
/* End XCBuildConfiguration section */

/* Begin XCConfigurationList section */
		F17FB75823DEFC5A006648C7 /* Build configuration list for PBXProject "RandoExpress_IOS" */ = {
			isa = XCConfigurationList;
			buildConfigurations = (
				F17FB76D23DEFC5C006648C7 /* Debug */,
				F17FB76E23DEFC5C006648C7 /* Release */,
			);
			defaultConfigurationIsVisible = 0;
			defaultConfigurationName = Release;
		};
		F17FB76F23DEFC5C006648C7 /* Build configuration list for PBXNativeTarget "RandoExpress_IOS" */ = {
			isa = XCConfigurationList;
			buildConfigurations = (
				F17FB77023DEFC5C006648C7 /* Debug */,
				F17FB77123DEFC5C006648C7 /* Release */,
			);
			defaultConfigurationIsVisible = 0;
			defaultConfigurationName = Release;
		};
/* End XCConfigurationList section */
	};
	rootObject = F17FB75523DEFC5A006648C7 /* Project object */;
}
